
Microsoft Visual Studio Solution File, Format Version 12.00
# Visual Studio Version 16
VisualStudioVersion = 16.0.28803.452
MinimumVisualStudioVersion = 10.0.40219.1
Project("{9A19103F-16F7-4668-BE54-9A1E7A4F7556}") = "TechAdvisor.AuditLogging", "TechAdvisor.AuditLogging\TechAdvisor.AuditLogging.csproj", "{FF6E5161-2B2F-45A7-BC99-059F4481FFF7}"
EndProject
Project("{9A19103F-16F7-4668-BE54-9A1E7A4F7556}") = "TechAdvisor.AuditLogging.EntityFramework", "TechAdvisor.AuditLogging.EntityFramework\TechAdvisor.AuditLogging.EntityFramework.csproj", "{1F45D18F-D04A-48DF-974A-895C0263926A}"
EndProject
Project("{2150E333-8FDC-42A3-9474-1A3956D46DE8}") = "src", "src", "{FC923A9F-7505-4F58-9031-07423631E9F9}"
EndProject
Project("{2150E333-8FDC-42A3-9474-1A3956D46DE8}") = "host", "host", "{8DEBFB85-B120-4788-99A3-AA8E600D100C}"
EndProject
Project("{FAE04EC0-301F-11D3-BF4B-00C04F79EFBC}") = "TechAdvisor.AuditLogging.Host", "TechAdvisor.AuditLogging.Host\TechAdvisor.AuditLogging.Host.csproj", "{0FCC8D17-202D-4D5B-A7B3-B6F2332EA24B}"
EndProject
Global
	GlobalSection(SolutionConfigurationPlatforms) = preSolution
		Debug|Any CPU = Debug|Any CPU
		Release|Any CPU = Release|Any CPU
	EndGlobalSection
	GlobalSection(ProjectConfigurationPlatforms) = postSolution
		{FF6E5161-2B2F-45A7-BC99-059F4481FFF7}.Debug|Any CPU.ActiveCfg = Debug|Any CPU
		{FF6E5161-2B2F-45A7-BC99-059F4481FFF7}.Debug|Any CPU.Build.0 = Debug|Any CPU
		{FF6E5161-2B2F-45A7-BC99-059F4481FFF7}.Release|Any CPU.ActiveCfg = Release|Any CPU
		{FF6E5161-2B2F-45A7-BC99-059F4481FFF7}.Release|Any CPU.Build.0 = Release|Any CPU
		{1F45D18F-D04A-48DF-974A-895C0263926A}.Debug|Any CPU.ActiveCfg = Debug|Any CPU
		{1F45D18F-D04A-48DF-974A-895C0263926A}.Debug|Any CPU.Build.0 = Debug|Any CPU
		{1F45D18F-D04A-48DF-974A-895C0263926A}.Release|Any CPU.ActiveCfg = Release|Any CPU
		{1F45D18F-D04A-48DF-974A-895C0263926A}.Release|Any CPU.Build.0 = Release|Any CPU
		{0FCC8D17-202D-4D5B-A7B3-B6F2332EA24B}.Debug|Any CPU.ActiveCfg = Debug|Any CPU
		{0FCC8D17-202D-4D5B-A7B3-B6F2332EA24B}.Debug|Any CPU.Build.0 = Debug|Any CPU
		{0FCC8D17-202D-4D5B-A7B3-B6F2332EA24B}.Release|Any CPU.ActiveCfg = Release|Any CPU
		{0FCC8D17-202D-4D5B-A7B3-B6F2332EA24B}.Release|Any CPU.Build.0 = Release|Any CPU
	EndGlobalSection
	GlobalSection(SolutionProperties) = preSolution
		HideSolutionNode = FALSE
	EndGlobalSection
	GlobalSection(NestedProjects) = preSolution
		{FF6E5161-2B2F-45A7-BC99-059F4481FFF7} = {FC923A9F-7505-4F58-9031-07423631E9F9}
		{1F45D18F-D04A-48DF-974A-895C0263926A} = {FC923A9F-7505-4F58-9031-07423631E9F9}
		{0FCC8D17-202D-4D5B-A7B3-B6F2332EA24B} = {8DEBFB85-B120-4788-99A3-AA8E600D100C}
	EndGlobalSection
	GlobalSection(ExtensibilityGlobals) = postSolution
		SolutionGuid = {EF7B00EF-1390-47B3-9249-815FE87DC009}
	EndGlobalSection
EndGlobal
